
Microsoft Visual Studio Solution File, Format Version 11.00
# Visual Studio 2010
Project("{8BC9CEB8-8B4A-11D0-8D11-00A0C91BC942}") = "3d", "3d.vcxproj", "{E647C961-E298-446E-A07D-20CBB4FBA534}"
EndProject
Project("{8BC9CEB8-8B4A-11D0-8D11-00A0C91BC942}") = "3d_multi", "3d_multi.vcxproj", "{8AB1A7FC-730F-43A0-AD68-B2FE897A31B9}"
EndProject
Project("{8BC9CEB8-8B4A-11D0-8D11-00A0C91BC942}") = "event_parameter", "event_parameter.vcxproj", "{4BAE3332-BFDB-4E46-8662-8347BAFF9C94}"
EndProject
Project("{8BC9CEB8-8B4A-11D0-8D11-00A0C91BC942}") = "load_banks", "load_banks.vcxproj", "{71D21ECD-E643-4600-91AA-B1C1F5EA6844}"
EndProject
Project("{8BC9CEB8-8B4A-11D0-8D11-00A0C91BC942}") = "music_callbacks", "music_callbacks.vcxproj", "{05A9C348-E1E1-4084-9EC2-67518874B447}"
EndProject
Project("{8BC9CEB8-8B4A-11D0-8D11-00A0C91BC942}") = "objectpan", "objectpan.vcxproj", "{A35901FD-ADDC-414A-A6FB-A9FC5718ED5E}"
EndProject
Project("{8BC9CEB8-8B4A-11D0-8D11-00A0C91BC942}") = "programmer_sound", "programmer_sound.vcxproj", "{099A6C96-9337-4933-98B2-BF67BC9881E8}"
EndProject
Project("{8BC9CEB8-8B4A-11D0-8D11-00A0C91BC942}") = "recording_playback", "recording_playback.vcxproj", "{D230AC60-F819-4754-991D-EA49464174F9}"
EndProject
Project("{8BC9CEB8-8B4A-11D0-8D11-00A0C91BC942}") = "simple_event", "simple_event.vcxproj", "{EF8CEF30-8C47-4595-A9CC-07E8D5DAA7E5}"
EndProject
Global
	GlobalSection(SolutionConfigurationPlatforms) = preSolution
		Debug|Win32 = Debug|Win32
		Debug|x64 = Debug|x64
		Release|Win32 = Release|Win32
		Release|x64 = Release|x64
	EndGlobalSection
	GlobalSection(ProjectConfigurationPlatforms) = postSolution
		{E647C961-E298-446E-A07D-20CBB4FBA534}.Debug|Win32.ActiveCfg = Debug|Win32
		{E647C961-E298-446E-A07D-20CBB4FBA534}.Debug|Win32.Build.0 = Debug|Win32
		{E647C961-E298-446E-A07D-20CBB4FBA534}.Debug|Win32.Deploy.0 = Debug|Win32
		{E647C961-E298-446E-A07D-20CBB4FBA534}.Debug|x64.ActiveCfg = Debug|x64
		{E647C961-E298-446E-A07D-20CBB4FBA534}.Debug|x64.Build.0 = Debug|x64
		{E647C961-E298-446E-A07D-20CBB4FBA534}.Debug|x64.Deploy.0 = Debug|x64
		{E647C961-E298-446E-A07D-20CBB4FBA534}.Release|Win32.ActiveCfg = Release|Win32
		{E647C961-E298-446E-A07D-20CBB4FBA534}.Release|Win32.Build.0 = Release|Win32
		{E647C961-E298-446E-A07D-20CBB4FBA534}.Release|Win32.Deploy.0 = Release|Win32
		{E647C961-E298-446E-A07D-20CBB4FBA534}.Release|x64.ActiveCfg = Release|x64
		{E647C961-E298-446E-A07D-20CBB4FBA534}.Release|x64.Build.0 = Release|x64
		{E647C961-E298-446E-A07D-20CBB4FBA534}.Release|x64.Deploy.0 = Release|x64
		{8AB1A7FC-730F-43A0-AD68-B2FE897A31B9}.Debug|Win32.ActiveCfg = Debug|Win32
		{8AB1A7FC-730F-43A0-AD68-B2FE897A31B9}.Debug|Win32.Build.0 = Debug|Win32
		{8AB1A7FC-730F-43A0-AD68-B2FE897A31B9}.Debug|Win32.Deploy.0 = Debug|Win32
		{8AB1A7FC-730F-43A0-AD68-B2FE897A31B9}.Debug|x64.ActiveCfg = Debug|x64
		{8AB1A7FC-730F-43A0-AD68-B2FE897A31B9}.Debug|x64.Build.0 = Debug|x64
		{8AB1A7FC-730F-43A0-AD68-B2FE897A31B9}.Debug|x64.Deploy.0 = Debug|x64
		{8AB1A7FC-730F-43A0-AD68-B2FE897A31B9}.Release|Win32.ActiveCfg = Release|Win32
		{8AB1A7FC-730F-43A0-AD68-B2FE897A31B9}.Release|Win32.Build.0 = Release|Win32
		{8AB1A7FC-730F-43A0-AD68-B2FE897A31B9}.Release|Win32.Deploy.0 = Release|Win32
		{8AB1A7FC-730F-43A0-AD68-B2FE897A31B9}.Release|x64.ActiveCfg = Release|x64
		{8AB1A7FC-730F-43A0-AD68-B2FE897A31B9}.Release|x64.Build.0 = Release|x64
		{8AB1A7FC-730F-43A0-AD68-B2FE897A31B9}.Release|x64.Deploy.0 = Release|x64
		{4BAE3332-BFDB-4E46-8662-8347BAFF9C94}.Debug|Win32.ActiveCfg = Debug|Win32
		{4BAE3332-BFDB-4E46-8662-8347BAFF9C94}.Debug|Win32.Build.0 = Debug|Win32
		{4BAE3332-BFDB-4E46-8662-8347BAFF9C94}.Debug|Win32.Deploy.0 = Debug|Win32
		{4BAE3332-BFDB-4E46-8662-8347BAFF9C94}.Debug|x64.ActiveCfg = Debug|x64
		{4BAE3332-BFDB-4E46-8662-8347BAFF9C94}.Debug|x64.Build.0 = Debug|x64
		{4BAE3332-BFDB-4E46-8662-8347BAFF9C94}.Debug|x64.Deploy.0 = Debug|x64
		{4BAE3332-BFDB-4E46-8662-8347BAFF9C94}.Release|Win32.ActiveCfg = Release|Win32
		{4BAE3332-BFDB-4E46-8662-8347BAFF9C94}.Release|Win32.Build.0 = Release|Win32
		{4BAE3332-BFDB-4E46-8662-8347BAFF9C94}.Release|Win32.Deploy.0 = Release|Win32
		{4BAE3332-BFDB-4E46-8662-8347BAFF9C94}.Release|x64.ActiveCfg = Release|x64
		{4BAE3332-BFDB-4E46-8662-8347BAFF9C94}.Release|x64.Build.0 = Release|x64
		{4BAE3332-BFDB-4E46-8662-8347BAFF9C94}.Release|x64.Deploy.0 = Release|x64
		{71D21ECD-E643-4600-91AA-B1C1F5EA6844}.Debug|Win32.ActiveCfg = Debug|Win32
		{71D21ECD-E643-4600-91AA-B1C1F5EA6844}.Debug|Win32.Build.0 = Debug|Win32
		{71D21ECD-E643-4600-91AA-B1C1F5EA6844}.Debug|Win32.Deploy.0 = Debug|Win32
		{71D21ECD-E643-4600-91AA-B1C1F5EA6844}.Debug|x64.ActiveCfg = Debug|x64
		{71D21ECD-E643-4600-91AA-B1C1F5EA6844}.Debug|x64.Build.0 = Debug|x64
		{71D21ECD-E643-4600-91AA-B1C1F5EA6844}.Debug|x64.Deploy.0 = Debug|x64
		{71D21ECD-E643-4600-91AA-B1C1F5EA6844}.Release|Win32.ActiveCfg = Release|Win32
		{71D21ECD-E643-4600-91AA-B1C1F5EA6844}.Release|Win32.Build.0 = Release|Win32
		{71D21ECD-E643-4600-91AA-B1C1F5EA6844}.Release|Win32.Deploy.0 = Release|Win32
		{71D21ECD-E643-4600-91AA-B1C1F5EA6844}.Release|x64.ActiveCfg = Release|x64
		{71D21ECD-E643-4600-91AA-B1C1F5EA6844}.Release|x64.Build.0 = Release|x64
		{71D21ECD-E643-4600-91AA-B1C1F5EA6844}.Release|x64.Deploy.0 = Release|x64
		{05A9C348-E1E1-4084-9EC2-67518874B447}.Debug|Win32.ActiveCfg = Debug|Win32
		{05A9C348-E1E1-4084-9EC2-67518874B447}.Debug|Win32.Build.0 = Debug|Win32
		{05A9C348-E1E1-4084-9EC2-67518874B447}.Debug|Win32.Deploy.0 = Debug|Win32
		{05A9C348-E1E1-4084-9EC2-67518874B447}.Debug|x64.ActiveCfg = Debug|x64
		{05A9C348-E1E1-4084-9EC2-67518874B447}.Debug|x64.Build.0 = Debug|x64
		{05A9C348-E1E1-4084-9EC2-67518874B447}.Debug|x64.Deploy.0 = Debug|x64
		{05A9C348-E1E1-4084-9EC2-67518874B447}.Release|Win32.ActiveCfg = Release|Win32
		{05A9C348-E1E1-4084-9EC2-67518874B447}.Release|Win32.Build.0 = Release|Win32
		{05A9C348-E1E1-4084-9EC2-67518874B447}.Release|Win32.Deploy.0 = Release|Win32
		{05A9C348-E1E1-4084-9EC2-67518874B447}.Release|x64.ActiveCfg = Release|x64
		{05A9C348-E1E1-4084-9EC2-67518874B447}.Release|x64.Build.0 = Release|x64
		{05A9C348-E1E1-4084-9EC2-67518874B447}.Release|x64.Deploy.0 = Release|x64
		{A35901FD-ADDC-414A-A6FB-A9FC5718ED5E}.Debug|Win32.ActiveCfg = Debug|Win32
		{A35901FD-ADDC-414A-A6FB-A9FC5718ED5E}.Debug|Win32.Build.0 = Debug|Win32
		{A35901FD-ADDC-414A-A6FB-A9FC5718ED5E}.Debug|Win32.Deploy.0 = Debug|Win32
		{A35901FD-ADDC-414A-A6FB-A9FC5718ED5E}.Debug|x64.ActiveCfg = Debug|x64
		{A35901FD-ADDC-414A-A6FB-A9FC5718ED5E}.Debug|x64.Build.0 = Debug|x64
		{A35901FD-ADDC-414A-A6FB-A9FC5718ED5E}.Debug|x64.Deploy.0 = Debug|x64
		{A35901FD-ADDC-414A-A6FB-A9FC5718ED5E}.Release|Win32.ActiveCfg = Release|Win32
		{A35901FD-ADDC-414A-A6FB-A9FC5718ED5E}.Release|Win32.Build.0 = Release|Win32
		{A35901FD-ADDC-414A-A6FB-A9FC5718ED5E}.Release|Win32.Deploy.0 = Release|Win32
		{A35901FD-ADDC-414A-A6FB-A9FC5718ED5E}.Release|x64.ActiveCfg = Release|x64
		{A35901FD-ADDC-414A-A6FB-A9FC5718ED5E}.Release|x64.Build.0 = Release|x64
		{A35901FD-ADDC-414A-A6FB-A9FC5718ED5E}.Release|x64.Deploy.0 = Release|x64
		{099A6C96-9337-4933-98B2-BF67BC9881E8}.Debug|Win32.ActiveCfg = Debug|Win32
		{099A6C96-9337-4933-98B2-BF67BC9881E8}.Debug|Win32.Build.0 = Debug|Win32
		{099A6C96-9337-4933-98B2-BF67BC9881E8}.Debug|Win32.Deploy.0 = Debug|Win32
		{099A6C96-9337-4933-98B2-BF67BC9881E8}.Debug|x64.ActiveCfg = Debug|x64
		{099A6C96-9337-4933-98B2-BF67BC9881E8}.Debug|x64.Build.0 = Debug|x64
		{099A6C96-9337-4933-98B2-BF67BC9881E8}.Debug|x64.Deploy.0 = Debug|x64
		{099A6C96-9337-4933-98B2-BF67BC9881E8}.Release|Win32.ActiveCfg = Release|Win32
		{099A6C96-9337-4933-98B2-BF67BC9881E8}.Release|Win32.Build.0 = Release|Win32
		{099A6C96-9337-4933-98B2-BF67BC9881E8}.Release|Win32.Deploy.0 = Release|Win32
		{099A6C96-9337-4933-98B2-BF67BC9881E8}.Release|x64.ActiveCfg = Release|x64
		{099A6C96-9337-4933-98B2-BF67BC9881E8}.Release|x64.Build.0 = Release|x64
		{099A6C96-9337-4933-98B2-BF67BC9881E8}.Release|x64.Deploy.0 = Release|x64
		{D230AC60-F819-4754-991D-EA49464174F9}.Debug|Win32.ActiveCfg = Debug|Win32
		{D230AC60-F819-4754-991D-EA49464174F9}.Debug|Win32.Build.0 = Debug|Win32
		{D230AC60-F819-4754-991D-EA49464174F9}.Debug|Win32.Deploy.0 = Debug|Win32
		{D230AC60-F819-4754-991D-EA49464174F9}.Debug|x64.ActiveCfg = Debug|x64
		{D230AC60-F819-4754-991D-EA49464174F9}.Debug|x64.Build.0 = Debug|x64
		{D230AC60-F819-4754-991D-EA49464174F9}.Debug|x64.Deploy.0 = Debug|x64
		{D230AC60-F819-4754-991D-EA49464174F9}.Release|Win32.ActiveCfg = Release|Win32
		{D230AC60-F819-4754-991D-EA49464174F9}.Release|Win32.Build.0 = Release|Win32
		{D230AC60-F819-4754-991D-EA49464174F9}.Release|Win32.Deploy.0 = Release|Win32
		{D230AC60-F819-4754-991D-EA49464174F9}.Release|x64.ActiveCfg = Release|x64
		{D230AC60-F819-4754-991D-EA49464174F9}.Release|x64.Build.0 = Release|x64
		{D230AC60-F819-4754-991D-EA49464174F9}.Release|x64.Deploy.0 = Release|x64
		{EF8CEF30-8C47-4595-A9CC-07E8D5DAA7E5}.Debug|Win32.ActiveCfg = Debug|Win32
		{EF8CEF30-8C47-4595-A9CC-07E8D5DAA7E5}.Debug|Win32.Build.0 = Debug|Win32
		{EF8CEF30-8C47-4595-A9CC-07E8D5DAA7E5}.Debug|Win32.Deploy.0 = Debug|Win32
		{EF8CEF30-8C47-4595-A9CC-07E8D5DAA7E5}.Debug|x64.ActiveCfg = Debug|x64
		{EF8CEF30-8C47-4595-A9CC-07E8D5DAA7E5}.Debug|x64.Build.0 = Debug|x64
		{EF8CEF30-8C47-4595-A9CC-07E8D5DAA7E5}.Debug|x64.Deploy.0 = Debug|x64
		{EF8CEF30-8C47-4595-A9CC-07E8D5DAA7E5}.Release|Win32.ActiveCfg = Release|Win32
		{EF8CEF30-8C47-4595-A9CC-07E8D5DAA7E5}.Release|Win32.Build.0 = Release|Win32
		{EF8CEF30-8C47-4595-A9CC-07E8D5DAA7E5}.Release|Win32.Deploy.0 = Release|Win32
		{EF8CEF30-8C47-4595-A9CC-07E8D5DAA7E5}.Release|x64.ActiveCfg = Release|x64
		{EF8CEF30-8C47-4595-A9CC-07E8D5DAA7E5}.Release|x64.Build.0 = Release|x64
		{EF8CEF30-8C47-4595-A9CC-07E8D5DAA7E5}.Release|x64.Deploy.0 = Release|x64
	EndGlobalSection
	GlobalSection(SolutionProperties) = preSolution
		HideSolutionNode = FALSE
	EndGlobalSection
EndGlobal
