
Microsoft Visual Studio Solution File, Format Version 11.00
# Visual Studio 2012
Project("{8BC9CEB8-8B4A-11D0-8D11-00A0C91BC942}") = "3d", "3d.vcxproj", "{9B0EFC87-1261-4792-8C1D-40B1C14296C2}"
EndProject
Project("{8BC9CEB8-8B4A-11D0-8D11-00A0C91BC942}") = "3d_multi", "3d_multi.vcxproj", "{EDFA0CE1-73F9-4B92-935F-A412C13C9EBB}"
EndProject
Project("{8BC9CEB8-8B4A-11D0-8D11-00A0C91BC942}") = "event_parameter", "event_parameter.vcxproj", "{791A6166-DF11-4A7A-95D1-BD19AE95897C}"
EndProject
Project("{8BC9CEB8-8B4A-11D0-8D11-00A0C91BC942}") = "load_banks", "load_banks.vcxproj", "{9D6E9C1F-04EA-42A6-960D-39FF16794543}"
EndProject
Project("{8BC9CEB8-8B4A-11D0-8D11-00A0C91BC942}") = "music_callbacks", "music_callbacks.vcxproj", "{BA976516-A04A-4059-AC17-2AEF9FC35936}"
EndProject
Project("{8BC9CEB8-8B4A-11D0-8D11-00A0C91BC942}") = "objectpan", "objectpan.vcxproj", "{84BF01DC-871E-41DD-A6F5-757A25352135}"
EndProject
Project("{8BC9CEB8-8B4A-11D0-8D11-00A0C91BC942}") = "programmer_sound", "programmer_sound.vcxproj", "{B56893A4-C566-42C6-A526-0829D86ABAD6}"
EndProject
Project("{8BC9CEB8-8B4A-11D0-8D11-00A0C91BC942}") = "recording_playback", "recording_playback.vcxproj", "{78B32D6E-2B2D-4821-B6E3-2ADBDE69E9BF}"
EndProject
Project("{8BC9CEB8-8B4A-11D0-8D11-00A0C91BC942}") = "simple_event", "simple_event.vcxproj", "{1408BCC3-516F-450E-9642-1C06C9871976}"
EndProject
Global
	GlobalSection(SolutionConfigurationPlatforms) = preSolution
		Debug|Win32 = Debug|Win32
		Debug|x64 = Debug|x64
		Release|Win32 = Release|Win32
		Release|x64 = Release|x64
	EndGlobalSection
	GlobalSection(ProjectConfigurationPlatforms) = postSolution
		{9B0EFC87-1261-4792-8C1D-40B1C14296C2}.Debug|Win32.ActiveCfg = Debug|Win32
		{9B0EFC87-1261-4792-8C1D-40B1C14296C2}.Debug|Win32.Build.0 = Debug|Win32
		{9B0EFC87-1261-4792-8C1D-40B1C14296C2}.Debug|Win32.Deploy.0 = Debug|Win32
		{9B0EFC87-1261-4792-8C1D-40B1C14296C2}.Debug|x64.ActiveCfg = Debug|x64
		{9B0EFC87-1261-4792-8C1D-40B1C14296C2}.Debug|x64.Build.0 = Debug|x64
		{9B0EFC87-1261-4792-8C1D-40B1C14296C2}.Debug|x64.Deploy.0 = Debug|x64
		{9B0EFC87-1261-4792-8C1D-40B1C14296C2}.Release|Win32.ActiveCfg = Release|Win32
		{9B0EFC87-1261-4792-8C1D-40B1C14296C2}.Release|Win32.Build.0 = Release|Win32
		{9B0EFC87-1261-4792-8C1D-40B1C14296C2}.Release|Win32.Deploy.0 = Release|Win32
		{9B0EFC87-1261-4792-8C1D-40B1C14296C2}.Release|x64.ActiveCfg = Release|x64
		{9B0EFC87-1261-4792-8C1D-40B1C14296C2}.Release|x64.Build.0 = Release|x64
		{9B0EFC87-1261-4792-8C1D-40B1C14296C2}.Release|x64.Deploy.0 = Release|x64
		{EDFA0CE1-73F9-4B92-935F-A412C13C9EBB}.Debug|Win32.ActiveCfg = Debug|Win32
		{EDFA0CE1-73F9-4B92-935F-A412C13C9EBB}.Debug|Win32.Build.0 = Debug|Win32
		{EDFA0CE1-73F9-4B92-935F-A412C13C9EBB}.Debug|Win32.Deploy.0 = Debug|Win32
		{EDFA0CE1-73F9-4B92-935F-A412C13C9EBB}.Debug|x64.ActiveCfg = Debug|x64
		{EDFA0CE1-73F9-4B92-935F-A412C13C9EBB}.Debug|x64.Build.0 = Debug|x64
		{EDFA0CE1-73F9-4B92-935F-A412C13C9EBB}.Debug|x64.Deploy.0 = Debug|x64
		{EDFA0CE1-73F9-4B92-935F-A412C13C9EBB}.Release|Win32.ActiveCfg = Release|Win32
		{EDFA0CE1-73F9-4B92-935F-A412C13C9EBB}.Release|Win32.Build.0 = Release|Win32
		{EDFA0CE1-73F9-4B92-935F-A412C13C9EBB}.Release|Win32.Deploy.0 = Release|Win32
		{EDFA0CE1-73F9-4B92-935F-A412C13C9EBB}.Release|x64.ActiveCfg = Release|x64
		{EDFA0CE1-73F9-4B92-935F-A412C13C9EBB}.Release|x64.Build.0 = Release|x64
		{EDFA0CE1-73F9-4B92-935F-A412C13C9EBB}.Release|x64.Deploy.0 = Release|x64
		{791A6166-DF11-4A7A-95D1-BD19AE95897C}.Debug|Win32.ActiveCfg = Debug|Win32
		{791A6166-DF11-4A7A-95D1-BD19AE95897C}.Debug|Win32.Build.0 = Debug|Win32
		{791A6166-DF11-4A7A-95D1-BD19AE95897C}.Debug|Win32.Deploy.0 = Debug|Win32
		{791A6166-DF11-4A7A-95D1-BD19AE95897C}.Debug|x64.ActiveCfg = Debug|x64
		{791A6166-DF11-4A7A-95D1-BD19AE95897C}.Debug|x64.Build.0 = Debug|x64
		{791A6166-DF11-4A7A-95D1-BD19AE95897C}.Debug|x64.Deploy.0 = Debug|x64
		{791A6166-DF11-4A7A-95D1-BD19AE95897C}.Release|Win32.ActiveCfg = Release|Win32
		{791A6166-DF11-4A7A-95D1-BD19AE95897C}.Release|Win32.Build.0 = Release|Win32
		{791A6166-DF11-4A7A-95D1-BD19AE95897C}.Release|Win32.Deploy.0 = Release|Win32
		{791A6166-DF11-4A7A-95D1-BD19AE95897C}.Release|x64.ActiveCfg = Release|x64
		{791A6166-DF11-4A7A-95D1-BD19AE95897C}.Release|x64.Build.0 = Release|x64
		{791A6166-DF11-4A7A-95D1-BD19AE95897C}.Release|x64.Deploy.0 = Release|x64
		{9D6E9C1F-04EA-42A6-960D-39FF16794543}.Debug|Win32.ActiveCfg = Debug|Win32
		{9D6E9C1F-04EA-42A6-960D-39FF16794543}.Debug|Win32.Build.0 = Debug|Win32
		{9D6E9C1F-04EA-42A6-960D-39FF16794543}.Debug|Win32.Deploy.0 = Debug|Win32
		{9D6E9C1F-04EA-42A6-960D-39FF16794543}.Debug|x64.ActiveCfg = Debug|x64
		{9D6E9C1F-04EA-42A6-960D-39FF16794543}.Debug|x64.Build.0 = Debug|x64
		{9D6E9C1F-04EA-42A6-960D-39FF16794543}.Debug|x64.Deploy.0 = Debug|x64
		{9D6E9C1F-04EA-42A6-960D-39FF16794543}.Release|Win32.ActiveCfg = Release|Win32
		{9D6E9C1F-04EA-42A6-960D-39FF16794543}.Release|Win32.Build.0 = Release|Win32
		{9D6E9C1F-04EA-42A6-960D-39FF16794543}.Release|Win32.Deploy.0 = Release|Win32
		{9D6E9C1F-04EA-42A6-960D-39FF16794543}.Release|x64.ActiveCfg = Release|x64
		{9D6E9C1F-04EA-42A6-960D-39FF16794543}.Release|x64.Build.0 = Release|x64
		{9D6E9C1F-04EA-42A6-960D-39FF16794543}.Release|x64.Deploy.0 = Release|x64
		{BA976516-A04A-4059-AC17-2AEF9FC35936}.Debug|Win32.ActiveCfg = Debug|Win32
		{BA976516-A04A-4059-AC17-2AEF9FC35936}.Debug|Win32.Build.0 = Debug|Win32
		{BA976516-A04A-4059-AC17-2AEF9FC35936}.Debug|Win32.Deploy.0 = Debug|Win32
		{BA976516-A04A-4059-AC17-2AEF9FC35936}.Debug|x64.ActiveCfg = Debug|x64
		{BA976516-A04A-4059-AC17-2AEF9FC35936}.Debug|x64.Build.0 = Debug|x64
		{BA976516-A04A-4059-AC17-2AEF9FC35936}.Debug|x64.Deploy.0 = Debug|x64
		{BA976516-A04A-4059-AC17-2AEF9FC35936}.Release|Win32.ActiveCfg = Release|Win32
		{BA976516-A04A-4059-AC17-2AEF9FC35936}.Release|Win32.Build.0 = Release|Win32
		{BA976516-A04A-4059-AC17-2AEF9FC35936}.Release|Win32.Deploy.0 = Release|Win32
		{BA976516-A04A-4059-AC17-2AEF9FC35936}.Release|x64.ActiveCfg = Release|x64
		{BA976516-A04A-4059-AC17-2AEF9FC35936}.Release|x64.Build.0 = Release|x64
		{BA976516-A04A-4059-AC17-2AEF9FC35936}.Release|x64.Deploy.0 = Release|x64
		{84BF01DC-871E-41DD-A6F5-757A25352135}.Debug|Win32.ActiveCfg = Debug|Win32
		{84BF01DC-871E-41DD-A6F5-757A25352135}.Debug|Win32.Build.0 = Debug|Win32
		{84BF01DC-871E-41DD-A6F5-757A25352135}.Debug|Win32.Deploy.0 = Debug|Win32
		{84BF01DC-871E-41DD-A6F5-757A25352135}.Debug|x64.ActiveCfg = Debug|x64
		{84BF01DC-871E-41DD-A6F5-757A25352135}.Debug|x64.Build.0 = Debug|x64
		{84BF01DC-871E-41DD-A6F5-757A25352135}.Debug|x64.Deploy.0 = Debug|x64
		{84BF01DC-871E-41DD-A6F5-757A25352135}.Release|Win32.ActiveCfg = Release|Win32
		{84BF01DC-871E-41DD-A6F5-757A25352135}.Release|Win32.Build.0 = Release|Win32
		{84BF01DC-871E-41DD-A6F5-757A25352135}.Release|Win32.Deploy.0 = Release|Win32
		{84BF01DC-871E-41DD-A6F5-757A25352135}.Release|x64.ActiveCfg = Release|x64
		{84BF01DC-871E-41DD-A6F5-757A25352135}.Release|x64.Build.0 = Release|x64
		{84BF01DC-871E-41DD-A6F5-757A25352135}.Release|x64.Deploy.0 = Release|x64
		{B56893A4-C566-42C6-A526-0829D86ABAD6}.Debug|Win32.ActiveCfg = Debug|Win32
		{B56893A4-C566-42C6-A526-0829D86ABAD6}.Debug|Win32.Build.0 = Debug|Win32
		{B56893A4-C566-42C6-A526-0829D86ABAD6}.Debug|Win32.Deploy.0 = Debug|Win32
		{B56893A4-C566-42C6-A526-0829D86ABAD6}.Debug|x64.ActiveCfg = Debug|x64
		{B56893A4-C566-42C6-A526-0829D86ABAD6}.Debug|x64.Build.0 = Debug|x64
		{B56893A4-C566-42C6-A526-0829D86ABAD6}.Debug|x64.Deploy.0 = Debug|x64
		{B56893A4-C566-42C6-A526-0829D86ABAD6}.Release|Win32.ActiveCfg = Release|Win32
		{B56893A4-C566-42C6-A526-0829D86ABAD6}.Release|Win32.Build.0 = Release|Win32
		{B56893A4-C566-42C6-A526-0829D86ABAD6}.Release|Win32.Deploy.0 = Release|Win32
		{B56893A4-C566-42C6-A526-0829D86ABAD6}.Release|x64.ActiveCfg = Release|x64
		{B56893A4-C566-42C6-A526-0829D86ABAD6}.Release|x64.Build.0 = Release|x64
		{B56893A4-C566-42C6-A526-0829D86ABAD6}.Release|x64.Deploy.0 = Release|x64
		{78B32D6E-2B2D-4821-B6E3-2ADBDE69E9BF}.Debug|Win32.ActiveCfg = Debug|Win32
		{78B32D6E-2B2D-4821-B6E3-2ADBDE69E9BF}.Debug|Win32.Build.0 = Debug|Win32
		{78B32D6E-2B2D-4821-B6E3-2ADBDE69E9BF}.Debug|Win32.Deploy.0 = Debug|Win32
		{78B32D6E-2B2D-4821-B6E3-2ADBDE69E9BF}.Debug|x64.ActiveCfg = Debug|x64
		{78B32D6E-2B2D-4821-B6E3-2ADBDE69E9BF}.Debug|x64.Build.0 = Debug|x64
		{78B32D6E-2B2D-4821-B6E3-2ADBDE69E9BF}.Debug|x64.Deploy.0 = Debug|x64
		{78B32D6E-2B2D-4821-B6E3-2ADBDE69E9BF}.Release|Win32.ActiveCfg = Release|Win32
		{78B32D6E-2B2D-4821-B6E3-2ADBDE69E9BF}.Release|Win32.Build.0 = Release|Win32
		{78B32D6E-2B2D-4821-B6E3-2ADBDE69E9BF}.Release|Win32.Deploy.0 = Release|Win32
		{78B32D6E-2B2D-4821-B6E3-2ADBDE69E9BF}.Release|x64.ActiveCfg = Release|x64
		{78B32D6E-2B2D-4821-B6E3-2ADBDE69E9BF}.Release|x64.Build.0 = Release|x64
		{78B32D6E-2B2D-4821-B6E3-2ADBDE69E9BF}.Release|x64.Deploy.0 = Release|x64
		{1408BCC3-516F-450E-9642-1C06C9871976}.Debug|Win32.ActiveCfg = Debug|Win32
		{1408BCC3-516F-450E-9642-1C06C9871976}.Debug|Win32.Build.0 = Debug|Win32
		{1408BCC3-516F-450E-9642-1C06C9871976}.Debug|Win32.Deploy.0 = Debug|Win32
		{1408BCC3-516F-450E-9642-1C06C9871976}.Debug|x64.ActiveCfg = Debug|x64
		{1408BCC3-516F-450E-9642-1C06C9871976}.Debug|x64.Build.0 = Debug|x64
		{1408BCC3-516F-450E-9642-1C06C9871976}.Debug|x64.Deploy.0 = Debug|x64
		{1408BCC3-516F-450E-9642-1C06C9871976}.Release|Win32.ActiveCfg = Release|Win32
		{1408BCC3-516F-450E-9642-1C06C9871976}.Release|Win32.Build.0 = Release|Win32
		{1408BCC3-516F-450E-9642-1C06C9871976}.Release|Win32.Deploy.0 = Release|Win32
		{1408BCC3-516F-450E-9642-1C06C9871976}.Release|x64.ActiveCfg = Release|x64
		{1408BCC3-516F-450E-9642-1C06C9871976}.Release|x64.Build.0 = Release|x64
		{1408BCC3-516F-450E-9642-1C06C9871976}.Release|x64.Deploy.0 = Release|x64
	EndGlobalSection
	GlobalSection(SolutionProperties) = preSolution
		HideSolutionNode = FALSE
	EndGlobalSection
EndGlobal
