
Microsoft Visual Studio Solution File, Format Version 11.00
# Visual Studio 2010
Project("{8BC9CEB8-8B4A-11D0-8D11-00A0C91BC942}") = "3d", "3d.vcxproj", "{285CC619-3E93-46A4-A370-6CB00A82D79A}"
EndProject
Project("{8BC9CEB8-8B4A-11D0-8D11-00A0C91BC942}") = "asyncio", "asyncio.vcxproj", "{CC6A9A80-C0D2-4BB4-9C9D-035B4DB6AACE}"
EndProject
Project("{8BC9CEB8-8B4A-11D0-8D11-00A0C91BC942}") = "channel_groups", "channel_groups.vcxproj", "{66613FB6-938F-4DEA-A008-A26BA9722B99}"
EndProject
Project("{8BC9CEB8-8B4A-11D0-8D11-00A0C91BC942}") = "convolution_reverb", "convolution_reverb.vcxproj", "{1EC82EB2-1E99-44DB-8D43-E0593C2BAE0D}"
EndProject
Project("{8BC9CEB8-8B4A-11D0-8D11-00A0C91BC942}") = "dsp_custom", "dsp_custom.vcxproj", "{F513BF8D-93F8-4C07-BCF9-099633E0A8FD}"
EndProject
Project("{8BC9CEB8-8B4A-11D0-8D11-00A0C91BC942}") = "dsp_effect_per_speaker", "dsp_effect_per_speaker.vcxproj", "{C731CE29-CC3D-4F0F-8377-F78499343217}"
EndProject
Project("{8BC9CEB8-8B4A-11D0-8D11-00A0C91BC942}") = "dsp_inspector", "dsp_inspector.vcxproj", "{AC60D792-3696-4A40-A847-BC35F364F645}"
EndProject
Project("{8BC9CEB8-8B4A-11D0-8D11-00A0C91BC942}") = "effects", "effects.vcxproj", "{45E31C24-2148-430F-BEE1-AFCE023AB256}"
EndProject
Project("{8BC9CEB8-8B4A-11D0-8D11-00A0C91BC942}") = "gapless_playback", "gapless_playback.vcxproj", "{791806EF-4D5F-4FEE-BCF2-FBE5F5650621}"
EndProject
Project("{8BC9CEB8-8B4A-11D0-8D11-00A0C91BC942}") = "generate_tone", "generate_tone.vcxproj", "{E9C9BFBC-2DD1-4EA4-8A53-11A6D5CD751B}"
EndProject
Project("{8BC9CEB8-8B4A-11D0-8D11-00A0C91BC942}") = "granular_synth", "granular_synth.vcxproj", "{58342C9C-DF50-4AA4-B09C-F32D07CF667F}"
EndProject
Project("{8BC9CEB8-8B4A-11D0-8D11-00A0C91BC942}") = "load_from_memory", "load_from_memory.vcxproj", "{0D9AC38F-3995-44D7-BF81-1543976B8CC9}"
EndProject
Project("{8BC9CEB8-8B4A-11D0-8D11-00A0C91BC942}") = "multiple_speaker", "multiple_speaker.vcxproj", "{FA1B0CC5-AB5E-4D0F-92BD-0533CF431894}"
EndProject
Project("{8BC9CEB8-8B4A-11D0-8D11-00A0C91BC942}") = "multiple_system", "multiple_system.vcxproj", "{BC44E3F1-29B9-4C9C-AF3F-6032833089B7}"
EndProject
Project("{8BC9CEB8-8B4A-11D0-8D11-00A0C91BC942}") = "net_stream", "net_stream.vcxproj", "{2985C1BE-A3EF-478F-9AA5-2D3CC49E260D}"
EndProject
Project("{8BC9CEB8-8B4A-11D0-8D11-00A0C91BC942}") = "play_sound", "play_sound.vcxproj", "{4A459FEB-68DB-492B-AE76-FC5DA2B74365}"
EndProject
Project("{8BC9CEB8-8B4A-11D0-8D11-00A0C91BC942}") = "play_stream", "play_stream.vcxproj", "{F049BCF2-A606-43B2-87AB-FA3F569EEEE0}"
EndProject
Project("{8BC9CEB8-8B4A-11D0-8D11-00A0C91BC942}") = "record", "record.vcxproj", "{A0DB30A8-9DC7-43E3-B732-22E9F6F6AA60}"
EndProject
Project("{8BC9CEB8-8B4A-11D0-8D11-00A0C91BC942}") = "record_enumeration", "record_enumeration.vcxproj", "{65B1BFAE-15FD-4DBD-8A31-CB38CE88E4D2}"
EndProject
Project("{8BC9CEB8-8B4A-11D0-8D11-00A0C91BC942}") = "user_created_sound", "user_created_sound.vcxproj", "{5C2F90BC-239A-41E3-829C-CF87E9462810}"
EndProject
Project("{8BC9CEB8-8B4A-11D0-8D11-00A0C91BC942}") = "fmod_codec_raw", "fmod_codec_raw.vcxproj", "{7E9A3006-4D84-4BF2-AE75-217E0BB73B32}"
EndProject
Project("{8BC9CEB8-8B4A-11D0-8D11-00A0C91BC942}") = "fmod_distance_filter", "fmod_distance_filter.vcxproj", "{BA9BD376-F539-43B1-848F-04A64FDA9A0A}"
EndProject
Project("{8BC9CEB8-8B4A-11D0-8D11-00A0C91BC942}") = "fmod_gain", "fmod_gain.vcxproj", "{B6A91641-A391-4A29-A441-89156606F9D1}"
EndProject
Project("{8BC9CEB8-8B4A-11D0-8D11-00A0C91BC942}") = "fmod_noise", "fmod_noise.vcxproj", "{BD1B94A0-7AC6-4E67-88E7-CCB4360D2D9B}"
EndProject
Project("{8BC9CEB8-8B4A-11D0-8D11-00A0C91BC942}") = "output_mp3", "output_mp3.vcxproj", "{5B123EA9-5CA3-4F5B-8459-90A476A8762F}"
EndProject
Global
	GlobalSection(SolutionConfigurationPlatforms) = preSolution
		Debug|Win32 = Debug|Win32
		Debug|x64 = Debug|x64
		Release|Win32 = Release|Win32
		Release|x64 = Release|x64
	EndGlobalSection
	GlobalSection(ProjectConfigurationPlatforms) = postSolution
		{285CC619-3E93-46A4-A370-6CB00A82D79A}.Debug|Win32.ActiveCfg = Debug|Win32
		{285CC619-3E93-46A4-A370-6CB00A82D79A}.Debug|Win32.Build.0 = Debug|Win32
		{285CC619-3E93-46A4-A370-6CB00A82D79A}.Debug|Win32.Deploy.0 = Debug|Win32
		{285CC619-3E93-46A4-A370-6CB00A82D79A}.Debug|x64.ActiveCfg = Debug|x64
		{285CC619-3E93-46A4-A370-6CB00A82D79A}.Debug|x64.Build.0 = Debug|x64
		{285CC619-3E93-46A4-A370-6CB00A82D79A}.Debug|x64.Deploy.0 = Debug|x64
		{285CC619-3E93-46A4-A370-6CB00A82D79A}.Release|Win32.ActiveCfg = Release|Win32
		{285CC619-3E93-46A4-A370-6CB00A82D79A}.Release|Win32.Build.0 = Release|Win32
		{285CC619-3E93-46A4-A370-6CB00A82D79A}.Release|Win32.Deploy.0 = Release|Win32
		{285CC619-3E93-46A4-A370-6CB00A82D79A}.Release|x64.ActiveCfg = Release|x64
		{285CC619-3E93-46A4-A370-6CB00A82D79A}.Release|x64.Build.0 = Release|x64
		{285CC619-3E93-46A4-A370-6CB00A82D79A}.Release|x64.Deploy.0 = Release|x64
		{CC6A9A80-C0D2-4BB4-9C9D-035B4DB6AACE}.Debug|Win32.ActiveCfg = Debug|Win32
		{CC6A9A80-C0D2-4BB4-9C9D-035B4DB6AACE}.Debug|Win32.Build.0 = Debug|Win32
		{CC6A9A80-C0D2-4BB4-9C9D-035B4DB6AACE}.Debug|Win32.Deploy.0 = Debug|Win32
		{CC6A9A80-C0D2-4BB4-9C9D-035B4DB6AACE}.Debug|x64.ActiveCfg = Debug|x64
		{CC6A9A80-C0D2-4BB4-9C9D-035B4DB6AACE}.Debug|x64.Build.0 = Debug|x64
		{CC6A9A80-C0D2-4BB4-9C9D-035B4DB6AACE}.Debug|x64.Deploy.0 = Debug|x64
		{CC6A9A80-C0D2-4BB4-9C9D-035B4DB6AACE}.Release|Win32.ActiveCfg = Release|Win32
		{CC6A9A80-C0D2-4BB4-9C9D-035B4DB6AACE}.Release|Win32.Build.0 = Release|Win32
		{CC6A9A80-C0D2-4BB4-9C9D-035B4DB6AACE}.Release|Win32.Deploy.0 = Release|Win32
		{CC6A9A80-C0D2-4BB4-9C9D-035B4DB6AACE}.Release|x64.ActiveCfg = Release|x64
		{CC6A9A80-C0D2-4BB4-9C9D-035B4DB6AACE}.Release|x64.Build.0 = Release|x64
		{CC6A9A80-C0D2-4BB4-9C9D-035B4DB6AACE}.Release|x64.Deploy.0 = Release|x64
		{66613FB6-938F-4DEA-A008-A26BA9722B99}.Debug|Win32.ActiveCfg = Debug|Win32
		{66613FB6-938F-4DEA-A008-A26BA9722B99}.Debug|Win32.Build.0 = Debug|Win32
		{66613FB6-938F-4DEA-A008-A26BA9722B99}.Debug|Win32.Deploy.0 = Debug|Win32
		{66613FB6-938F-4DEA-A008-A26BA9722B99}.Debug|x64.ActiveCfg = Debug|x64
		{66613FB6-938F-4DEA-A008-A26BA9722B99}.Debug|x64.Build.0 = Debug|x64
		{66613FB6-938F-4DEA-A008-A26BA9722B99}.Debug|x64.Deploy.0 = Debug|x64
		{66613FB6-938F-4DEA-A008-A26BA9722B99}.Release|Win32.ActiveCfg = Release|Win32
		{66613FB6-938F-4DEA-A008-A26BA9722B99}.Release|Win32.Build.0 = Release|Win32
		{66613FB6-938F-4DEA-A008-A26BA9722B99}.Release|Win32.Deploy.0 = Release|Win32
		{66613FB6-938F-4DEA-A008-A26BA9722B99}.Release|x64.ActiveCfg = Release|x64
		{66613FB6-938F-4DEA-A008-A26BA9722B99}.Release|x64.Build.0 = Release|x64
		{66613FB6-938F-4DEA-A008-A26BA9722B99}.Release|x64.Deploy.0 = Release|x64
		{1EC82EB2-1E99-44DB-8D43-E0593C2BAE0D}.Debug|Win32.ActiveCfg = Debug|Win32
		{1EC82EB2-1E99-44DB-8D43-E0593C2BAE0D}.Debug|Win32.Build.0 = Debug|Win32
		{1EC82EB2-1E99-44DB-8D43-E0593C2BAE0D}.Debug|Win32.Deploy.0 = Debug|Win32
		{1EC82EB2-1E99-44DB-8D43-E0593C2BAE0D}.Debug|x64.ActiveCfg = Debug|x64
		{1EC82EB2-1E99-44DB-8D43-E0593C2BAE0D}.Debug|x64.Build.0 = Debug|x64
		{1EC82EB2-1E99-44DB-8D43-E0593C2BAE0D}.Debug|x64.Deploy.0 = Debug|x64
		{1EC82EB2-1E99-44DB-8D43-E0593C2BAE0D}.Release|Win32.ActiveCfg = Release|Win32
		{1EC82EB2-1E99-44DB-8D43-E0593C2BAE0D}.Release|Win32.Build.0 = Release|Win32
		{1EC82EB2-1E99-44DB-8D43-E0593C2BAE0D}.Release|Win32.Deploy.0 = Release|Win32
		{1EC82EB2-1E99-44DB-8D43-E0593C2BAE0D}.Release|x64.ActiveCfg = Release|x64
		{1EC82EB2-1E99-44DB-8D43-E0593C2BAE0D}.Release|x64.Build.0 = Release|x64
		{1EC82EB2-1E99-44DB-8D43-E0593C2BAE0D}.Release|x64.Deploy.0 = Release|x64
		{F513BF8D-93F8-4C07-BCF9-099633E0A8FD}.Debug|Win32.ActiveCfg = Debug|Win32
		{F513BF8D-93F8-4C07-BCF9-099633E0A8FD}.Debug|Win32.Build.0 = Debug|Win32
		{F513BF8D-93F8-4C07-BCF9-099633E0A8FD}.Debug|Win32.Deploy.0 = Debug|Win32
		{F513BF8D-93F8-4C07-BCF9-099633E0A8FD}.Debug|x64.ActiveCfg = Debug|x64
		{F513BF8D-93F8-4C07-BCF9-099633E0A8FD}.Debug|x64.Build.0 = Debug|x64
		{F513BF8D-93F8-4C07-BCF9-099633E0A8FD}.Debug|x64.Deploy.0 = Debug|x64
		{F513BF8D-93F8-4C07-BCF9-099633E0A8FD}.Release|Win32.ActiveCfg = Release|Win32
		{F513BF8D-93F8-4C07-BCF9-099633E0A8FD}.Release|Win32.Build.0 = Release|Win32
		{F513BF8D-93F8-4C07-BCF9-099633E0A8FD}.Release|Win32.Deploy.0 = Release|Win32
		{F513BF8D-93F8-4C07-BCF9-099633E0A8FD}.Release|x64.ActiveCfg = Release|x64
		{F513BF8D-93F8-4C07-BCF9-099633E0A8FD}.Release|x64.Build.0 = Release|x64
		{F513BF8D-93F8-4C07-BCF9-099633E0A8FD}.Release|x64.Deploy.0 = Release|x64
		{C731CE29-CC3D-4F0F-8377-F78499343217}.Debug|Win32.ActiveCfg = Debug|Win32
		{C731CE29-CC3D-4F0F-8377-F78499343217}.Debug|Win32.Build.0 = Debug|Win32
		{C731CE29-CC3D-4F0F-8377-F78499343217}.Debug|Win32.Deploy.0 = Debug|Win32
		{C731CE29-CC3D-4F0F-8377-F78499343217}.Debug|x64.ActiveCfg = Debug|x64
		{C731CE29-CC3D-4F0F-8377-F78499343217}.Debug|x64.Build.0 = Debug|x64
		{C731CE29-CC3D-4F0F-8377-F78499343217}.Debug|x64.Deploy.0 = Debug|x64
		{C731CE29-CC3D-4F0F-8377-F78499343217}.Release|Win32.ActiveCfg = Release|Win32
		{C731CE29-CC3D-4F0F-8377-F78499343217}.Release|Win32.Build.0 = Release|Win32
		{C731CE29-CC3D-4F0F-8377-F78499343217}.Release|Win32.Deploy.0 = Release|Win32
		{C731CE29-CC3D-4F0F-8377-F78499343217}.Release|x64.ActiveCfg = Release|x64
		{C731CE29-CC3D-4F0F-8377-F78499343217}.Release|x64.Build.0 = Release|x64
		{C731CE29-CC3D-4F0F-8377-F78499343217}.Release|x64.Deploy.0 = Release|x64
		{AC60D792-3696-4A40-A847-BC35F364F645}.Debug|Win32.ActiveCfg = Debug|Win32
		{AC60D792-3696-4A40-A847-BC35F364F645}.Debug|Win32.Build.0 = Debug|Win32
		{AC60D792-3696-4A40-A847-BC35F364F645}.Debug|Win32.Deploy.0 = Debug|Win32
		{AC60D792-3696-4A40-A847-BC35F364F645}.Debug|x64.ActiveCfg = Debug|x64
		{AC60D792-3696-4A40-A847-BC35F364F645}.Debug|x64.Build.0 = Debug|x64
		{AC60D792-3696-4A40-A847-BC35F364F645}.Debug|x64.Deploy.0 = Debug|x64
		{AC60D792-3696-4A40-A847-BC35F364F645}.Release|Win32.ActiveCfg = Release|Win32
		{AC60D792-3696-4A40-A847-BC35F364F645}.Release|Win32.Build.0 = Release|Win32
		{AC60D792-3696-4A40-A847-BC35F364F645}.Release|Win32.Deploy.0 = Release|Win32
		{AC60D792-3696-4A40-A847-BC35F364F645}.Release|x64.ActiveCfg = Release|x64
		{AC60D792-3696-4A40-A847-BC35F364F645}.Release|x64.Build.0 = Release|x64
		{AC60D792-3696-4A40-A847-BC35F364F645}.Release|x64.Deploy.0 = Release|x64
		{45E31C24-2148-430F-BEE1-AFCE023AB256}.Debug|Win32.ActiveCfg = Debug|Win32
		{45E31C24-2148-430F-BEE1-AFCE023AB256}.Debug|Win32.Build.0 = Debug|Win32
		{45E31C24-2148-430F-BEE1-AFCE023AB256}.Debug|Win32.Deploy.0 = Debug|Win32
		{45E31C24-2148-430F-BEE1-AFCE023AB256}.Debug|x64.ActiveCfg = Debug|x64
		{45E31C24-2148-430F-BEE1-AFCE023AB256}.Debug|x64.Build.0 = Debug|x64
		{45E31C24-2148-430F-BEE1-AFCE023AB256}.Debug|x64.Deploy.0 = Debug|x64
		{45E31C24-2148-430F-BEE1-AFCE023AB256}.Release|Win32.ActiveCfg = Release|Win32
		{45E31C24-2148-430F-BEE1-AFCE023AB256}.Release|Win32.Build.0 = Release|Win32
		{45E31C24-2148-430F-BEE1-AFCE023AB256}.Release|Win32.Deploy.0 = Release|Win32
		{45E31C24-2148-430F-BEE1-AFCE023AB256}.Release|x64.ActiveCfg = Release|x64
		{45E31C24-2148-430F-BEE1-AFCE023AB256}.Release|x64.Build.0 = Release|x64
		{45E31C24-2148-430F-BEE1-AFCE023AB256}.Release|x64.Deploy.0 = Release|x64
		{791806EF-4D5F-4FEE-BCF2-FBE5F5650621}.Debug|Win32.ActiveCfg = Debug|Win32
		{791806EF-4D5F-4FEE-BCF2-FBE5F5650621}.Debug|Win32.Build.0 = Debug|Win32
		{791806EF-4D5F-4FEE-BCF2-FBE5F5650621}.Debug|Win32.Deploy.0 = Debug|Win32
		{791806EF-4D5F-4FEE-BCF2-FBE5F5650621}.Debug|x64.ActiveCfg = Debug|x64
		{791806EF-4D5F-4FEE-BCF2-FBE5F5650621}.Debug|x64.Build.0 = Debug|x64
		{791806EF-4D5F-4FEE-BCF2-FBE5F5650621}.Debug|x64.Deploy.0 = Debug|x64
		{791806EF-4D5F-4FEE-BCF2-FBE5F5650621}.Release|Win32.ActiveCfg = Release|Win32
		{791806EF-4D5F-4FEE-BCF2-FBE5F5650621}.Release|Win32.Build.0 = Release|Win32
		{791806EF-4D5F-4FEE-BCF2-FBE5F5650621}.Release|Win32.Deploy.0 = Release|Win32
		{791806EF-4D5F-4FEE-BCF2-FBE5F5650621}.Release|x64.ActiveCfg = Release|x64
		{791806EF-4D5F-4FEE-BCF2-FBE5F5650621}.Release|x64.Build.0 = Release|x64
		{791806EF-4D5F-4FEE-BCF2-FBE5F5650621}.Release|x64.Deploy.0 = Release|x64
		{E9C9BFBC-2DD1-4EA4-8A53-11A6D5CD751B}.Debug|Win32.ActiveCfg = Debug|Win32
		{E9C9BFBC-2DD1-4EA4-8A53-11A6D5CD751B}.Debug|Win32.Build.0 = Debug|Win32
		{E9C9BFBC-2DD1-4EA4-8A53-11A6D5CD751B}.Debug|Win32.Deploy.0 = Debug|Win32
		{E9C9BFBC-2DD1-4EA4-8A53-11A6D5CD751B}.Debug|x64.ActiveCfg = Debug|x64
		{E9C9BFBC-2DD1-4EA4-8A53-11A6D5CD751B}.Debug|x64.Build.0 = Debug|x64
		{E9C9BFBC-2DD1-4EA4-8A53-11A6D5CD751B}.Debug|x64.Deploy.0 = Debug|x64
		{E9C9BFBC-2DD1-4EA4-8A53-11A6D5CD751B}.Release|Win32.ActiveCfg = Release|Win32
		{E9C9BFBC-2DD1-4EA4-8A53-11A6D5CD751B}.Release|Win32.Build.0 = Release|Win32
		{E9C9BFBC-2DD1-4EA4-8A53-11A6D5CD751B}.Release|Win32.Deploy.0 = Release|Win32
		{E9C9BFBC-2DD1-4EA4-8A53-11A6D5CD751B}.Release|x64.ActiveCfg = Release|x64
		{E9C9BFBC-2DD1-4EA4-8A53-11A6D5CD751B}.Release|x64.Build.0 = Release|x64
		{E9C9BFBC-2DD1-4EA4-8A53-11A6D5CD751B}.Release|x64.Deploy.0 = Release|x64
		{58342C9C-DF50-4AA4-B09C-F32D07CF667F}.Debug|Win32.ActiveCfg = Debug|Win32
		{58342C9C-DF50-4AA4-B09C-F32D07CF667F}.Debug|Win32.Build.0 = Debug|Win32
		{58342C9C-DF50-4AA4-B09C-F32D07CF667F}.Debug|Win32.Deploy.0 = Debug|Win32
		{58342C9C-DF50-4AA4-B09C-F32D07CF667F}.Debug|x64.ActiveCfg = Debug|x64
		{58342C9C-DF50-4AA4-B09C-F32D07CF667F}.Debug|x64.Build.0 = Debug|x64
		{58342C9C-DF50-4AA4-B09C-F32D07CF667F}.Debug|x64.Deploy.0 = Debug|x64
		{58342C9C-DF50-4AA4-B09C-F32D07CF667F}.Release|Win32.ActiveCfg = Release|Win32
		{58342C9C-DF50-4AA4-B09C-F32D07CF667F}.Release|Win32.Build.0 = Release|Win32
		{58342C9C-DF50-4AA4-B09C-F32D07CF667F}.Release|Win32.Deploy.0 = Release|Win32
		{58342C9C-DF50-4AA4-B09C-F32D07CF667F}.Release|x64.ActiveCfg = Release|x64
		{58342C9C-DF50-4AA4-B09C-F32D07CF667F}.Release|x64.Build.0 = Release|x64
		{58342C9C-DF50-4AA4-B09C-F32D07CF667F}.Release|x64.Deploy.0 = Release|x64
		{0D9AC38F-3995-44D7-BF81-1543976B8CC9}.Debug|Win32.ActiveCfg = Debug|Win32
		{0D9AC38F-3995-44D7-BF81-1543976B8CC9}.Debug|Win32.Build.0 = Debug|Win32
		{0D9AC38F-3995-44D7-BF81-1543976B8CC9}.Debug|Win32.Deploy.0 = Debug|Win32
		{0D9AC38F-3995-44D7-BF81-1543976B8CC9}.Debug|x64.ActiveCfg = Debug|x64
		{0D9AC38F-3995-44D7-BF81-1543976B8CC9}.Debug|x64.Build.0 = Debug|x64
		{0D9AC38F-3995-44D7-BF81-1543976B8CC9}.Debug|x64.Deploy.0 = Debug|x64
		{0D9AC38F-3995-44D7-BF81-1543976B8CC9}.Release|Win32.ActiveCfg = Release|Win32
		{0D9AC38F-3995-44D7-BF81-1543976B8CC9}.Release|Win32.Build.0 = Release|Win32
		{0D9AC38F-3995-44D7-BF81-1543976B8CC9}.Release|Win32.Deploy.0 = Release|Win32
		{0D9AC38F-3995-44D7-BF81-1543976B8CC9}.Release|x64.ActiveCfg = Release|x64
		{0D9AC38F-3995-44D7-BF81-1543976B8CC9}.Release|x64.Build.0 = Release|x64
		{0D9AC38F-3995-44D7-BF81-1543976B8CC9}.Release|x64.Deploy.0 = Release|x64
		{FA1B0CC5-AB5E-4D0F-92BD-0533CF431894}.Debug|Win32.ActiveCfg = Debug|Win32
		{FA1B0CC5-AB5E-4D0F-92BD-0533CF431894}.Debug|Win32.Build.0 = Debug|Win32
		{FA1B0CC5-AB5E-4D0F-92BD-0533CF431894}.Debug|Win32.Deploy.0 = Debug|Win32
		{FA1B0CC5-AB5E-4D0F-92BD-0533CF431894}.Debug|x64.ActiveCfg = Debug|x64
		{FA1B0CC5-AB5E-4D0F-92BD-0533CF431894}.Debug|x64.Build.0 = Debug|x64
		{FA1B0CC5-AB5E-4D0F-92BD-0533CF431894}.Debug|x64.Deploy.0 = Debug|x64
		{FA1B0CC5-AB5E-4D0F-92BD-0533CF431894}.Release|Win32.ActiveCfg = Release|Win32
		{FA1B0CC5-AB5E-4D0F-92BD-0533CF431894}.Release|Win32.Build.0 = Release|Win32
		{FA1B0CC5-AB5E-4D0F-92BD-0533CF431894}.Release|Win32.Deploy.0 = Release|Win32
		{FA1B0CC5-AB5E-4D0F-92BD-0533CF431894}.Release|x64.ActiveCfg = Release|x64
		{FA1B0CC5-AB5E-4D0F-92BD-0533CF431894}.Release|x64.Build.0 = Release|x64
		{FA1B0CC5-AB5E-4D0F-92BD-0533CF431894}.Release|x64.Deploy.0 = Release|x64
		{BC44E3F1-29B9-4C9C-AF3F-6032833089B7}.Debug|Win32.ActiveCfg = Debug|Win32
		{BC44E3F1-29B9-4C9C-AF3F-6032833089B7}.Debug|Win32.Build.0 = Debug|Win32
		{BC44E3F1-29B9-4C9C-AF3F-6032833089B7}.Debug|Win32.Deploy.0 = Debug|Win32
		{BC44E3F1-29B9-4C9C-AF3F-6032833089B7}.Debug|x64.ActiveCfg = Debug|x64
		{BC44E3F1-29B9-4C9C-AF3F-6032833089B7}.Debug|x64.Build.0 = Debug|x64
		{BC44E3F1-29B9-4C9C-AF3F-6032833089B7}.Debug|x64.Deploy.0 = Debug|x64
		{BC44E3F1-29B9-4C9C-AF3F-6032833089B7}.Release|Win32.ActiveCfg = Release|Win32
		{BC44E3F1-29B9-4C9C-AF3F-6032833089B7}.Release|Win32.Build.0 = Release|Win32
		{BC44E3F1-29B9-4C9C-AF3F-6032833089B7}.Release|Win32.Deploy.0 = Release|Win32
		{BC44E3F1-29B9-4C9C-AF3F-6032833089B7}.Release|x64.ActiveCfg = Release|x64
		{BC44E3F1-29B9-4C9C-AF3F-6032833089B7}.Release|x64.Build.0 = Release|x64
		{BC44E3F1-29B9-4C9C-AF3F-6032833089B7}.Release|x64.Deploy.0 = Release|x64
		{2985C1BE-A3EF-478F-9AA5-2D3CC49E260D}.Debug|Win32.ActiveCfg = Debug|Win32
		{2985C1BE-A3EF-478F-9AA5-2D3CC49E260D}.Debug|Win32.Build.0 = Debug|Win32
		{2985C1BE-A3EF-478F-9AA5-2D3CC49E260D}.Debug|Win32.Deploy.0 = Debug|Win32
		{2985C1BE-A3EF-478F-9AA5-2D3CC49E260D}.Debug|x64.ActiveCfg = Debug|x64
		{2985C1BE-A3EF-478F-9AA5-2D3CC49E260D}.Debug|x64.Build.0 = Debug|x64
		{2985C1BE-A3EF-478F-9AA5-2D3CC49E260D}.Debug|x64.Deploy.0 = Debug|x64
		{2985C1BE-A3EF-478F-9AA5-2D3CC49E260D}.Release|Win32.ActiveCfg = Release|Win32
		{2985C1BE-A3EF-478F-9AA5-2D3CC49E260D}.Release|Win32.Build.0 = Release|Win32
		{2985C1BE-A3EF-478F-9AA5-2D3CC49E260D}.Release|Win32.Deploy.0 = Release|Win32
		{2985C1BE-A3EF-478F-9AA5-2D3CC49E260D}.Release|x64.ActiveCfg = Release|x64
		{2985C1BE-A3EF-478F-9AA5-2D3CC49E260D}.Release|x64.Build.0 = Release|x64
		{2985C1BE-A3EF-478F-9AA5-2D3CC49E260D}.Release|x64.Deploy.0 = Release|x64
		{4A459FEB-68DB-492B-AE76-FC5DA2B74365}.Debug|Win32.ActiveCfg = Debug|Win32
		{4A459FEB-68DB-492B-AE76-FC5DA2B74365}.Debug|Win32.Build.0 = Debug|Win32
		{4A459FEB-68DB-492B-AE76-FC5DA2B74365}.Debug|Win32.Deploy.0 = Debug|Win32
		{4A459FEB-68DB-492B-AE76-FC5DA2B74365}.Debug|x64.ActiveCfg = Debug|x64
		{4A459FEB-68DB-492B-AE76-FC5DA2B74365}.Debug|x64.Build.0 = Debug|x64
		{4A459FEB-68DB-492B-AE76-FC5DA2B74365}.Debug|x64.Deploy.0 = Debug|x64
		{4A459FEB-68DB-492B-AE76-FC5DA2B74365}.Release|Win32.ActiveCfg = Release|Win32
		{4A459FEB-68DB-492B-AE76-FC5DA2B74365}.Release|Win32.Build.0 = Release|Win32
		{4A459FEB-68DB-492B-AE76-FC5DA2B74365}.Release|Win32.Deploy.0 = Release|Win32
		{4A459FEB-68DB-492B-AE76-FC5DA2B74365}.Release|x64.ActiveCfg = Release|x64
		{4A459FEB-68DB-492B-AE76-FC5DA2B74365}.Release|x64.Build.0 = Release|x64
		{4A459FEB-68DB-492B-AE76-FC5DA2B74365}.Release|x64.Deploy.0 = Release|x64
		{F049BCF2-A606-43B2-87AB-FA3F569EEEE0}.Debug|Win32.ActiveCfg = Debug|Win32
		{F049BCF2-A606-43B2-87AB-FA3F569EEEE0}.Debug|Win32.Build.0 = Debug|Win32
		{F049BCF2-A606-43B2-87AB-FA3F569EEEE0}.Debug|Win32.Deploy.0 = Debug|Win32
		{F049BCF2-A606-43B2-87AB-FA3F569EEEE0}.Debug|x64.ActiveCfg = Debug|x64
		{F049BCF2-A606-43B2-87AB-FA3F569EEEE0}.Debug|x64.Build.0 = Debug|x64
		{F049BCF2-A606-43B2-87AB-FA3F569EEEE0}.Debug|x64.Deploy.0 = Debug|x64
		{F049BCF2-A606-43B2-87AB-FA3F569EEEE0}.Release|Win32.ActiveCfg = Release|Win32
		{F049BCF2-A606-43B2-87AB-FA3F569EEEE0}.Release|Win32.Build.0 = Release|Win32
		{F049BCF2-A606-43B2-87AB-FA3F569EEEE0}.Release|Win32.Deploy.0 = Release|Win32
		{F049BCF2-A606-43B2-87AB-FA3F569EEEE0}.Release|x64.ActiveCfg = Release|x64
		{F049BCF2-A606-43B2-87AB-FA3F569EEEE0}.Release|x64.Build.0 = Release|x64
		{F049BCF2-A606-43B2-87AB-FA3F569EEEE0}.Release|x64.Deploy.0 = Release|x64
		{A0DB30A8-9DC7-43E3-B732-22E9F6F6AA60}.Debug|Win32.ActiveCfg = Debug|Win32
		{A0DB30A8-9DC7-43E3-B732-22E9F6F6AA60}.Debug|Win32.Build.0 = Debug|Win32
		{A0DB30A8-9DC7-43E3-B732-22E9F6F6AA60}.Debug|Win32.Deploy.0 = Debug|Win32
		{A0DB30A8-9DC7-43E3-B732-22E9F6F6AA60}.Debug|x64.ActiveCfg = Debug|x64
		{A0DB30A8-9DC7-43E3-B732-22E9F6F6AA60}.Debug|x64.Build.0 = Debug|x64
		{A0DB30A8-9DC7-43E3-B732-22E9F6F6AA60}.Debug|x64.Deploy.0 = Debug|x64
		{A0DB30A8-9DC7-43E3-B732-22E9F6F6AA60}.Release|Win32.ActiveCfg = Release|Win32
		{A0DB30A8-9DC7-43E3-B732-22E9F6F6AA60}.Release|Win32.Build.0 = Release|Win32
		{A0DB30A8-9DC7-43E3-B732-22E9F6F6AA60}.Release|Win32.Deploy.0 = Release|Win32
		{A0DB30A8-9DC7-43E3-B732-22E9F6F6AA60}.Release|x64.ActiveCfg = Release|x64
		{A0DB30A8-9DC7-43E3-B732-22E9F6F6AA60}.Release|x64.Build.0 = Release|x64
		{A0DB30A8-9DC7-43E3-B732-22E9F6F6AA60}.Release|x64.Deploy.0 = Release|x64
		{65B1BFAE-15FD-4DBD-8A31-CB38CE88E4D2}.Debug|Win32.ActiveCfg = Debug|Win32
		{65B1BFAE-15FD-4DBD-8A31-CB38CE88E4D2}.Debug|Win32.Build.0 = Debug|Win32
		{65B1BFAE-15FD-4DBD-8A31-CB38CE88E4D2}.Debug|Win32.Deploy.0 = Debug|Win32
		{65B1BFAE-15FD-4DBD-8A31-CB38CE88E4D2}.Debug|x64.ActiveCfg = Debug|x64
		{65B1BFAE-15FD-4DBD-8A31-CB38CE88E4D2}.Debug|x64.Build.0 = Debug|x64
		{65B1BFAE-15FD-4DBD-8A31-CB38CE88E4D2}.Debug|x64.Deploy.0 = Debug|x64
		{65B1BFAE-15FD-4DBD-8A31-CB38CE88E4D2}.Release|Win32.ActiveCfg = Release|Win32
		{65B1BFAE-15FD-4DBD-8A31-CB38CE88E4D2}.Release|Win32.Build.0 = Release|Win32
		{65B1BFAE-15FD-4DBD-8A31-CB38CE88E4D2}.Release|Win32.Deploy.0 = Release|Win32
		{65B1BFAE-15FD-4DBD-8A31-CB38CE88E4D2}.Release|x64.ActiveCfg = Release|x64
		{65B1BFAE-15FD-4DBD-8A31-CB38CE88E4D2}.Release|x64.Build.0 = Release|x64
		{65B1BFAE-15FD-4DBD-8A31-CB38CE88E4D2}.Release|x64.Deploy.0 = Release|x64
		{5C2F90BC-239A-41E3-829C-CF87E9462810}.Debug|Win32.ActiveCfg = Debug|Win32
		{5C2F90BC-239A-41E3-829C-CF87E9462810}.Debug|Win32.Build.0 = Debug|Win32
		{5C2F90BC-239A-41E3-829C-CF87E9462810}.Debug|Win32.Deploy.0 = Debug|Win32
		{5C2F90BC-239A-41E3-829C-CF87E9462810}.Debug|x64.ActiveCfg = Debug|x64
		{5C2F90BC-239A-41E3-829C-CF87E9462810}.Debug|x64.Build.0 = Debug|x64
		{5C2F90BC-239A-41E3-829C-CF87E9462810}.Debug|x64.Deploy.0 = Debug|x64
		{5C2F90BC-239A-41E3-829C-CF87E9462810}.Release|Win32.ActiveCfg = Release|Win32
		{5C2F90BC-239A-41E3-829C-CF87E9462810}.Release|Win32.Build.0 = Release|Win32
		{5C2F90BC-239A-41E3-829C-CF87E9462810}.Release|Win32.Deploy.0 = Release|Win32
		{5C2F90BC-239A-41E3-829C-CF87E9462810}.Release|x64.ActiveCfg = Release|x64
		{5C2F90BC-239A-41E3-829C-CF87E9462810}.Release|x64.Build.0 = Release|x64
		{5C2F90BC-239A-41E3-829C-CF87E9462810}.Release|x64.Deploy.0 = Release|x64
		{7E9A3006-4D84-4BF2-AE75-217E0BB73B32}.Debug|Win32.ActiveCfg = Debug|Win32
		{7E9A3006-4D84-4BF2-AE75-217E0BB73B32}.Debug|Win32.Build.0 = Debug|Win32
		{7E9A3006-4D84-4BF2-AE75-217E0BB73B32}.Debug|Win32.Deploy.0 = Debug|Win32
		{7E9A3006-4D84-4BF2-AE75-217E0BB73B32}.Debug|x64.ActiveCfg = Debug|x64
		{7E9A3006-4D84-4BF2-AE75-217E0BB73B32}.Debug|x64.Build.0 = Debug|x64
		{7E9A3006-4D84-4BF2-AE75-217E0BB73B32}.Debug|x64.Deploy.0 = Debug|x64
		{7E9A3006-4D84-4BF2-AE75-217E0BB73B32}.Release|Win32.ActiveCfg = Release|Win32
		{7E9A3006-4D84-4BF2-AE75-217E0BB73B32}.Release|Win32.Build.0 = Release|Win32
		{7E9A3006-4D84-4BF2-AE75-217E0BB73B32}.Release|Win32.Deploy.0 = Release|Win32
		{7E9A3006-4D84-4BF2-AE75-217E0BB73B32}.Release|x64.ActiveCfg = Release|x64
		{7E9A3006-4D84-4BF2-AE75-217E0BB73B32}.Release|x64.Build.0 = Release|x64
		{7E9A3006-4D84-4BF2-AE75-217E0BB73B32}.Release|x64.Deploy.0 = Release|x64
		{BA9BD376-F539-43B1-848F-04A64FDA9A0A}.Debug|Win32.ActiveCfg = Debug|Win32
		{BA9BD376-F539-43B1-848F-04A64FDA9A0A}.Debug|Win32.Build.0 = Debug|Win32
		{BA9BD376-F539-43B1-848F-04A64FDA9A0A}.Debug|Win32.Deploy.0 = Debug|Win32
		{BA9BD376-F539-43B1-848F-04A64FDA9A0A}.Debug|x64.ActiveCfg = Debug|x64
		{BA9BD376-F539-43B1-848F-04A64FDA9A0A}.Debug|x64.Build.0 = Debug|x64
		{BA9BD376-F539-43B1-848F-04A64FDA9A0A}.Debug|x64.Deploy.0 = Debug|x64
		{BA9BD376-F539-43B1-848F-04A64FDA9A0A}.Release|Win32.ActiveCfg = Release|Win32
		{BA9BD376-F539-43B1-848F-04A64FDA9A0A}.Release|Win32.Build.0 = Release|Win32
		{BA9BD376-F539-43B1-848F-04A64FDA9A0A}.Release|Win32.Deploy.0 = Release|Win32
		{BA9BD376-F539-43B1-848F-04A64FDA9A0A}.Release|x64.ActiveCfg = Release|x64
		{BA9BD376-F539-43B1-848F-04A64FDA9A0A}.Release|x64.Build.0 = Release|x64
		{BA9BD376-F539-43B1-848F-04A64FDA9A0A}.Release|x64.Deploy.0 = Release|x64
		{B6A91641-A391-4A29-A441-89156606F9D1}.Debug|Win32.ActiveCfg = Debug|Win32
		{B6A91641-A391-4A29-A441-89156606F9D1}.Debug|Win32.Build.0 = Debug|Win32
		{B6A91641-A391-4A29-A441-89156606F9D1}.Debug|Win32.Deploy.0 = Debug|Win32
		{B6A91641-A391-4A29-A441-89156606F9D1}.Debug|x64.ActiveCfg = Debug|x64
		{B6A91641-A391-4A29-A441-89156606F9D1}.Debug|x64.Build.0 = Debug|x64
		{B6A91641-A391-4A29-A441-89156606F9D1}.Debug|x64.Deploy.0 = Debug|x64
		{B6A91641-A391-4A29-A441-89156606F9D1}.Release|Win32.ActiveCfg = Release|Win32
		{B6A91641-A391-4A29-A441-89156606F9D1}.Release|Win32.Build.0 = Release|Win32
		{B6A91641-A391-4A29-A441-89156606F9D1}.Release|Win32.Deploy.0 = Release|Win32
		{B6A91641-A391-4A29-A441-89156606F9D1}.Release|x64.ActiveCfg = Release|x64
		{B6A91641-A391-4A29-A441-89156606F9D1}.Release|x64.Build.0 = Release|x64
		{B6A91641-A391-4A29-A441-89156606F9D1}.Release|x64.Deploy.0 = Release|x64
		{BD1B94A0-7AC6-4E67-88E7-CCB4360D2D9B}.Debug|Win32.ActiveCfg = Debug|Win32
		{BD1B94A0-7AC6-4E67-88E7-CCB4360D2D9B}.Debug|Win32.Build.0 = Debug|Win32
		{BD1B94A0-7AC6-4E67-88E7-CCB4360D2D9B}.Debug|Win32.Deploy.0 = Debug|Win32
		{BD1B94A0-7AC6-4E67-88E7-CCB4360D2D9B}.Debug|x64.ActiveCfg = Debug|x64
		{BD1B94A0-7AC6-4E67-88E7-CCB4360D2D9B}.Debug|x64.Build.0 = Debug|x64
		{BD1B94A0-7AC6-4E67-88E7-CCB4360D2D9B}.Debug|x64.Deploy.0 = Debug|x64
		{BD1B94A0-7AC6-4E67-88E7-CCB4360D2D9B}.Release|Win32.ActiveCfg = Release|Win32
		{BD1B94A0-7AC6-4E67-88E7-CCB4360D2D9B}.Release|Win32.Build.0 = Release|Win32
		{BD1B94A0-7AC6-4E67-88E7-CCB4360D2D9B}.Release|Win32.Deploy.0 = Release|Win32
		{BD1B94A0-7AC6-4E67-88E7-CCB4360D2D9B}.Release|x64.ActiveCfg = Release|x64
		{BD1B94A0-7AC6-4E67-88E7-CCB4360D2D9B}.Release|x64.Build.0 = Release|x64
		{BD1B94A0-7AC6-4E67-88E7-CCB4360D2D9B}.Release|x64.Deploy.0 = Release|x64
		{5B123EA9-5CA3-4F5B-8459-90A476A8762F}.Debug|Win32.ActiveCfg = Debug|Win32
		{5B123EA9-5CA3-4F5B-8459-90A476A8762F}.Debug|Win32.Build.0 = Debug|Win32
		{5B123EA9-5CA3-4F5B-8459-90A476A8762F}.Debug|Win32.Deploy.0 = Debug|Win32
		{5B123EA9-5CA3-4F5B-8459-90A476A8762F}.Debug|x64.ActiveCfg = Debug|x64
		{5B123EA9-5CA3-4F5B-8459-90A476A8762F}.Debug|x64.Build.0 = Debug|x64
		{5B123EA9-5CA3-4F5B-8459-90A476A8762F}.Debug|x64.Deploy.0 = Debug|x64
		{5B123EA9-5CA3-4F5B-8459-90A476A8762F}.Release|Win32.ActiveCfg = Release|Win32
		{5B123EA9-5CA3-4F5B-8459-90A476A8762F}.Release|Win32.Build.0 = Release|Win32
		{5B123EA9-5CA3-4F5B-8459-90A476A8762F}.Release|Win32.Deploy.0 = Release|Win32
		{5B123EA9-5CA3-4F5B-8459-90A476A8762F}.Release|x64.ActiveCfg = Release|x64
		{5B123EA9-5CA3-4F5B-8459-90A476A8762F}.Release|x64.Build.0 = Release|x64
		{5B123EA9-5CA3-4F5B-8459-90A476A8762F}.Release|x64.Deploy.0 = Release|x64
	EndGlobalSection
	GlobalSection(SolutionProperties) = preSolution
		HideSolutionNode = FALSE
	EndGlobalSection
EndGlobal
